{
  "lockfileVersion": 1,
  "workspaces": {
    "": {
      "name": "task-tracker",
    },
    "packages/cli": {
      "name": "@tracker/cli",
      "version": "0.1.0",
      "bin": {
        "tracker": "src/cli.ts",
      },
    },
    "packages/skills": {
      "name": "@tracker/skills",
      "version": "0.1.0",
    },
  },
  "packages": {
    "@tracker/cli": ["@tracker/cli@workspace:packages/cli"],

    "@tracker/skills": ["@tracker/skills@workspace:packages/skills"],
  }
}
